
Microsoft Visual Studio Solution File, Format Version 12.00
# Visual Studio Version 17
VisualStudioVersion = 17.11.35312.102
MinimumVisualStudioVersion = 10.0.40219.1
Project("{9A19103F-16F7-4668-BE54-9A1E7A4F7556}") = "HelloWorld", "HelloWorld.csproj", "{190B9CC0-6C3F-4D63-851A-EAB84C1A6883}"
EndProject
Project("{FAE04EC0-301F-11D3-BF4B-00C04F79EFBC}") = "Aufgabe_01", "..\ConsoleApp1\Aufgabe_01.csproj", "{F9D29AF4-CF9F-4E94-AD25-63E38CA25264}"
EndProject
Project("{FAE04EC0-301F-11D3-BF4B-00C04F79EFBC}") = "Aufgabe_02", "..\ConsoleApp2\Aufgabe_02.csproj", "{01548B55-50BA-401C-828D-D5179B2E9C37}"
EndProject
Project("{FAE04EC0-301F-11D3-BF4B-00C04F79EFBC}") = "Aufgabe_03", "..\Aufgabe_03\Aufgabe_03.csproj", "{4BA5E2D3-0AD8-482B-926B-EA7345043C4C}"
EndProject
Project("{FAE04EC0-301F-11D3-BF4B-00C04F79EFBC}") = "Aufgabe_04", "..\Aufgabe_04\Aufgabe_04.csproj", "{5AF14E3F-4051-43A0-AEE3-AA92DEE71174}"
EndProject
Project("{FAE04EC0-301F-11D3-BF4B-00C04F79EFBC}") = "Aufgabe_05", "..\Aufgabe_05\Aufgabe_05.csproj", "{E4F67FFE-0C4B-45CA-A85B-8D5CA4F32E9D}"
EndProject
Project("{9A19103F-16F7-4668-BE54-9A1E7A4F7556}") = "Aufgabe_06", "..\Aufgabe_06\Aufgabe_06.csproj", "{5BF9286D-00C3-4084-A3C4-5B4A019DD17F}"
EndProject
Project("{9A19103F-16F7-4668-BE54-9A1E7A4F7556}") = "Aufgabe_07", "..\Aufgabe_07\Aufgabe_07.csproj", "{C94C6849-6B2F-4D96-8F98-075BFB3CC010}"
EndProject
Project("{9A19103F-16F7-4668-BE54-9A1E7A4F7556}") = "BeispielZ", "..\BeispielZ\BeispielZ.csproj", "{C9F4E783-8525-4C9C-8EC1-6C18D6A7D9E8}"
EndProject
Project("{9A19103F-16F7-4668-BE54-9A1E7A4F7556}") = "Aufgabe_08", "..\Aufgabe_8\Aufgabe_08.csproj", "{7181A996-810C-4EF9-998B-4BE59A955E17}"
EndProject
Project("{9A19103F-16F7-4668-BE54-9A1E7A4F7556}") = "Aufgabe_09", "..\Aufgabe_09\Aufgabe_09.csproj", "{CA360CDF-8858-4D99-B19B-F359F80E1E0D}"
EndProject
Project("{9A19103F-16F7-4668-BE54-9A1E7A4F7556}") = "Aufgabe_10", "..\Aufgabe_10\Aufgabe_10.csproj", "{533FC325-6A52-416A-919F-5860318E4CF4}"
EndProject
Project("{9A19103F-16F7-4668-BE54-9A1E7A4F7556}") = "Aufgabe_11", "..\Aufgabe_11\Aufgabe_11.csproj", "{98AFF6AF-41A3-469A-BA21-B532AA4FC1C5}"
EndProject
Project("{9A19103F-16F7-4668-BE54-9A1E7A4F7556}") = "Aufgabe_13", "..\Aufgabe_13\Aufgabe_13.csproj", "{AA2AA561-A118-4947-856A-327D1A02AF2A}"
EndProject
Project("{9A19103F-16F7-4668-BE54-9A1E7A4F7556}") = "Aufgabe_14", "..\Aufgabe_14\Aufgabe_14.csproj", "{E08240DD-296D-4EF0-B0F6-7EE5638A6CB9}"
EndProject
Project("{9A19103F-16F7-4668-BE54-9A1E7A4F7556}") = "Aufgabe_15", "..\Aufgabe_15\Aufgabe_15.csproj", "{A0C06596-AB97-4B40-8126-F864AB2CD48E}"
EndProject
Project("{9A19103F-16F7-4668-BE54-9A1E7A4F7556}") = "Aufgabe_17", "..\Aufgabe_17\Aufgabe_17.csproj", "{EB338A3F-99AA-4E09-AE8D-746EE96665D7}"
EndProject
Project("{9A19103F-16F7-4668-BE54-9A1E7A4F7556}") = "Aufgabe_16", "..\Aufgabe_16\Aufgabe_16.csproj", "{3C782A4D-5789-4106-9390-9EC7E120FA97}"
EndProject
Project("{9A19103F-16F7-4668-BE54-9A1E7A4F7556}") = "Aufgabe_18", "..\Aufgabe_18\Aufgabe_18.csproj", "{4BE1F6B6-73B5-4BC7-B1F3-C7EDB2166C7A}"
EndProject
Project("{9A19103F-16F7-4668-BE54-9A1E7A4F7556}") = "Aufgabe_19", "..\Aufgabe_19\Aufgabe_19.csproj", "{6E97BB7C-7D15-4EF3-AC56-DECF0FF7905D}"
EndProject
Project("{FAE04EC0-301F-11D3-BF4B-00C04F79EFBC}") = "Memory", "..\Memory\Memory.csproj", "{5AF8E068-FD66-4F87-9BCF-2A6A69D967B2}"
EndProject
Global
	GlobalSection(SolutionConfigurationPlatforms) = preSolution
		Debug|Any CPU = Debug|Any CPU
		Release|Any CPU = Release|Any CPU
	EndGlobalSection
	GlobalSection(ProjectConfigurationPlatforms) = postSolution
		{190B9CC0-6C3F-4D63-851A-EAB84C1A6883}.Debug|Any CPU.ActiveCfg = Debug|Any CPU
		{190B9CC0-6C3F-4D63-851A-EAB84C1A6883}.Debug|Any CPU.Build.0 = Debug|Any CPU
		{190B9CC0-6C3F-4D63-851A-EAB84C1A6883}.Release|Any CPU.ActiveCfg = Release|Any CPU
		{190B9CC0-6C3F-4D63-851A-EAB84C1A6883}.Release|Any CPU.Build.0 = Release|Any CPU
		{F9D29AF4-CF9F-4E94-AD25-63E38CA25264}.Debug|Any CPU.ActiveCfg = Debug|Any CPU
		{F9D29AF4-CF9F-4E94-AD25-63E38CA25264}.Debug|Any CPU.Build.0 = Debug|Any CPU
		{F9D29AF4-CF9F-4E94-AD25-63E38CA25264}.Release|Any CPU.ActiveCfg = Release|Any CPU
		{F9D29AF4-CF9F-4E94-AD25-63E38CA25264}.Release|Any CPU.Build.0 = Release|Any CPU
		{01548B55-50BA-401C-828D-D5179B2E9C37}.Debug|Any CPU.ActiveCfg = Debug|Any CPU
		{01548B55-50BA-401C-828D-D5179B2E9C37}.Debug|Any CPU.Build.0 = Debug|Any CPU
		{01548B55-50BA-401C-828D-D5179B2E9C37}.Release|Any CPU.ActiveCfg = Release|Any CPU
		{01548B55-50BA-401C-828D-D5179B2E9C37}.Release|Any CPU.Build.0 = Release|Any CPU
		{4BA5E2D3-0AD8-482B-926B-EA7345043C4C}.Debug|Any CPU.ActiveCfg = Debug|Any CPU
		{4BA5E2D3-0AD8-482B-926B-EA7345043C4C}.Debug|Any CPU.Build.0 = Debug|Any CPU
		{4BA5E2D3-0AD8-482B-926B-EA7345043C4C}.Release|Any CPU.ActiveCfg = Release|Any CPU
		{4BA5E2D3-0AD8-482B-926B-EA7345043C4C}.Release|Any CPU.Build.0 = Release|Any CPU
		{5AF14E3F-4051-43A0-AEE3-AA92DEE71174}.Debug|Any CPU.ActiveCfg = Debug|Any CPU
		{5AF14E3F-4051-43A0-AEE3-AA92DEE71174}.Debug|Any CPU.Build.0 = Debug|Any CPU
		{5AF14E3F-4051-43A0-AEE3-AA92DEE71174}.Release|Any CPU.ActiveCfg = Release|Any CPU
		{5AF14E3F-4051-43A0-AEE3-AA92DEE71174}.Release|Any CPU.Build.0 = Release|Any CPU
		{E4F67FFE-0C4B-45CA-A85B-8D5CA4F32E9D}.Debug|Any CPU.ActiveCfg = Debug|Any CPU
		{E4F67FFE-0C4B-45CA-A85B-8D5CA4F32E9D}.Debug|Any CPU.Build.0 = Debug|Any CPU
		{E4F67FFE-0C4B-45CA-A85B-8D5CA4F32E9D}.Release|Any CPU.ActiveCfg = Release|Any CPU
		{E4F67FFE-0C4B-45CA-A85B-8D5CA4F32E9D}.Release|Any CPU.Build.0 = Release|Any CPU
		{5BF9286D-00C3-4084-A3C4-5B4A019DD17F}.Debug|Any CPU.ActiveCfg = Debug|Any CPU
		{5BF9286D-00C3-4084-A3C4-5B4A019DD17F}.Debug|Any CPU.Build.0 = Debug|Any CPU
		{5BF9286D-00C3-4084-A3C4-5B4A019DD17F}.Release|Any CPU.ActiveCfg = Release|Any CPU
		{5BF9286D-00C3-4084-A3C4-5B4A019DD17F}.Release|Any CPU.Build.0 = Release|Any CPU
		{C94C6849-6B2F-4D96-8F98-075BFB3CC010}.Debug|Any CPU.ActiveCfg = Debug|Any CPU
		{C94C6849-6B2F-4D96-8F98-075BFB3CC010}.Debug|Any CPU.Build.0 = Debug|Any CPU
		{C94C6849-6B2F-4D96-8F98-075BFB3CC010}.Release|Any CPU.ActiveCfg = Release|Any CPU
		{C94C6849-6B2F-4D96-8F98-075BFB3CC010}.Release|Any CPU.Build.0 = Release|Any CPU
		{C9F4E783-8525-4C9C-8EC1-6C18D6A7D9E8}.Debug|Any CPU.ActiveCfg = Debug|Any CPU
		{C9F4E783-8525-4C9C-8EC1-6C18D6A7D9E8}.Debug|Any CPU.Build.0 = Debug|Any CPU
		{C9F4E783-8525-4C9C-8EC1-6C18D6A7D9E8}.Release|Any CPU.ActiveCfg = Release|Any CPU
		{C9F4E783-8525-4C9C-8EC1-6C18D6A7D9E8}.Release|Any CPU.Build.0 = Release|Any CPU
		{7181A996-810C-4EF9-998B-4BE59A955E17}.Debug|Any CPU.ActiveCfg = Debug|Any CPU
		{7181A996-810C-4EF9-998B-4BE59A955E17}.Debug|Any CPU.Build.0 = Debug|Any CPU
		{7181A996-810C-4EF9-998B-4BE59A955E17}.Release|Any CPU.ActiveCfg = Release|Any CPU
		{7181A996-810C-4EF9-998B-4BE59A955E17}.Release|Any CPU.Build.0 = Release|Any CPU
		{CA360CDF-8858-4D99-B19B-F359F80E1E0D}.Debug|Any CPU.ActiveCfg = Debug|Any CPU
		{CA360CDF-8858-4D99-B19B-F359F80E1E0D}.Debug|Any CPU.Build.0 = Debug|Any CPU
		{CA360CDF-8858-4D99-B19B-F359F80E1E0D}.Release|Any CPU.ActiveCfg = Release|Any CPU
		{CA360CDF-8858-4D99-B19B-F359F80E1E0D}.Release|Any CPU.Build.0 = Release|Any CPU
		{533FC325-6A52-416A-919F-5860318E4CF4}.Debug|Any CPU.ActiveCfg = Debug|Any CPU
		{533FC325-6A52-416A-919F-5860318E4CF4}.Debug|Any CPU.Build.0 = Debug|Any CPU
		{533FC325-6A52-416A-919F-5860318E4CF4}.Release|Any CPU.ActiveCfg = Release|Any CPU
		{533FC325-6A52-416A-919F-5860318E4CF4}.Release|Any CPU.Build.0 = Release|Any CPU
		{98AFF6AF-41A3-469A-BA21-B532AA4FC1C5}.Debug|Any CPU.ActiveCfg = Debug|Any CPU
		{98AFF6AF-41A3-469A-BA21-B532AA4FC1C5}.Debug|Any CPU.Build.0 = Debug|Any CPU
		{98AFF6AF-41A3-469A-BA21-B532AA4FC1C5}.Release|Any CPU.ActiveCfg = Release|Any CPU
		{98AFF6AF-41A3-469A-BA21-B532AA4FC1C5}.Release|Any CPU.Build.0 = Release|Any CPU
		{AA2AA561-A118-4947-856A-327D1A02AF2A}.Debug|Any CPU.ActiveCfg = Debug|Any CPU
		{AA2AA561-A118-4947-856A-327D1A02AF2A}.Debug|Any CPU.Build.0 = Debug|Any CPU
		{AA2AA561-A118-4947-856A-327D1A02AF2A}.Release|Any CPU.ActiveCfg = Release|Any CPU
		{AA2AA561-A118-4947-856A-327D1A02AF2A}.Release|Any CPU.Build.0 = Release|Any CPU
		{E08240DD-296D-4EF0-B0F6-7EE5638A6CB9}.Debug|Any CPU.ActiveCfg = Debug|Any CPU
		{E08240DD-296D-4EF0-B0F6-7EE5638A6CB9}.Debug|Any CPU.Build.0 = Debug|Any CPU
		{E08240DD-296D-4EF0-B0F6-7EE5638A6CB9}.Release|Any CPU.ActiveCfg = Release|Any CPU
		{E08240DD-296D-4EF0-B0F6-7EE5638A6CB9}.Release|Any CPU.Build.0 = Release|Any CPU
		{A0C06596-AB97-4B40-8126-F864AB2CD48E}.Debug|Any CPU.ActiveCfg = Debug|Any CPU
		{A0C06596-AB97-4B40-8126-F864AB2CD48E}.Debug|Any CPU.Build.0 = Debug|Any CPU
		{A0C06596-AB97-4B40-8126-F864AB2CD48E}.Release|Any CPU.ActiveCfg = Release|Any CPU
		{A0C06596-AB97-4B40-8126-F864AB2CD48E}.Release|Any CPU.Build.0 = Release|Any CPU
		{EB338A3F-99AA-4E09-AE8D-746EE96665D7}.Debug|Any CPU.ActiveCfg = Debug|Any CPU
		{EB338A3F-99AA-4E09-AE8D-746EE96665D7}.Debug|Any CPU.Build.0 = Debug|Any CPU
		{EB338A3F-99AA-4E09-AE8D-746EE96665D7}.Release|Any CPU.ActiveCfg = Release|Any CPU
		{EB338A3F-99AA-4E09-AE8D-746EE96665D7}.Release|Any CPU.Build.0 = Release|Any CPU
		{3C782A4D-5789-4106-9390-9EC7E120FA97}.Debug|Any CPU.ActiveCfg = Debug|Any CPU
		{3C782A4D-5789-4106-9390-9EC7E120FA97}.Debug|Any CPU.Build.0 = Debug|Any CPU
		{3C782A4D-5789-4106-9390-9EC7E120FA97}.Release|Any CPU.ActiveCfg = Release|Any CPU
		{3C782A4D-5789-4106-9390-9EC7E120FA97}.Release|Any CPU.Build.0 = Release|Any CPU
		{4BE1F6B6-73B5-4BC7-B1F3-C7EDB2166C7A}.Debug|Any CPU.ActiveCfg = Debug|Any CPU
		{4BE1F6B6-73B5-4BC7-B1F3-C7EDB2166C7A}.Debug|Any CPU.Build.0 = Debug|Any CPU
		{4BE1F6B6-73B5-4BC7-B1F3-C7EDB2166C7A}.Release|Any CPU.ActiveCfg = Release|Any CPU
		{4BE1F6B6-73B5-4BC7-B1F3-C7EDB2166C7A}.Release|Any CPU.Build.0 = Release|Any CPU
		{6E97BB7C-7D15-4EF3-AC56-DECF0FF7905D}.Debug|Any CPU.ActiveCfg = Debug|Any CPU
		{6E97BB7C-7D15-4EF3-AC56-DECF0FF7905D}.Debug|Any CPU.Build.0 = Debug|Any CPU
		{6E97BB7C-7D15-4EF3-AC56-DECF0FF7905D}.Release|Any CPU.ActiveCfg = Release|Any CPU
		{6E97BB7C-7D15-4EF3-AC56-DECF0FF7905D}.Release|Any CPU.Build.0 = Release|Any CPU
		{5AF8E068-FD66-4F87-9BCF-2A6A69D967B2}.Debug|Any CPU.ActiveCfg = Debug|Any CPU
		{5AF8E068-FD66-4F87-9BCF-2A6A69D967B2}.Debug|Any CPU.Build.0 = Debug|Any CPU
		{5AF8E068-FD66-4F87-9BCF-2A6A69D967B2}.Release|Any CPU.ActiveCfg = Release|Any CPU
		{5AF8E068-FD66-4F87-9BCF-2A6A69D967B2}.Release|Any CPU.Build.0 = Release|Any CPU
	EndGlobalSection
	GlobalSection(SolutionProperties) = preSolution
		HideSolutionNode = FALSE
	EndGlobalSection
	GlobalSection(ExtensibilityGlobals) = postSolution
		SolutionGuid = {F15B84D8-3657-4497-B60A-5ACB29D45FCC}
	EndGlobalSection
EndGlobal
